// !$*UTF8*$!
{
	archiveVersion = 1;
	classes = {
	};
	objectVersion = 50;
	objects = {

/* Begin PBXBuildFile section */
		552518E32478397100DFF445 /* AppDelegate.swift in Sources */ = {isa = PBXBuildFile; fileRef = 552518E22478397100DFF445 /* AppDelegate.swift */; };
		552518E52478397100DFF445 /* SceneDelegate.swift in Sources */ = {isa = PBXBuildFile; fileRef = 552518E42478397100DFF445 /* SceneDelegate.swift */; };
		552518EA2478397100DFF445 /* Main.storyboard in Resources */ = {isa = PBXBuildFile; fileRef = 552518E82478397100DFF445 /* Main.storyboard */; };
		552518EC2478397600DFF445 /* Assets.xcassets in Resources */ = {isa = PBXBuildFile; fileRef = 552518EB2478397600DFF445 /* Assets.xcassets */; };
		552518EF2478397600DFF445 /* LaunchScreen.storyboard in Resources */ = {isa = PBXBuildFile; fileRef = 552518ED2478397600DFF445 /* LaunchScreen.storyboard */; };
		552519192478A7B800DFF445 /* ViewController.swift in Sources */ = {isa = PBXBuildFile; fileRef = 552519182478A7B800DFF445 /* ViewController.swift */; };
		5525191B24797DCB00DFF445 /* ToFindItem.swift in Sources */ = {isa = PBXBuildFile; fileRef = 5525191A24797DCB00DFF445 /* ToFindItem.swift */; };
		5525191F2479F48300DFF445 /* mockdata.json in Resources */ = {isa = PBXBuildFile; fileRef = 5525191E2479F48300DFF445 /* mockdata.json */; };
/* End PBXBuildFile section */

/* Begin PBXFileReference section */
		552518DF2478397100DFF445 /* WildEye.app */ = {isa = PBXFileReference; explicitFileType = wrapper.application; includeInIndex = 0; path = WildEye.app; sourceTree = BUILT_PRODUCTS_DIR; };
		552518E22478397100DFF445 /* AppDelegate.swift */ = {isa = PBXFileReference; lastKnownFileType = sourcecode.swift; path = AppDelegate.swift; sourceTree = "<group>"; };
		552518E42478397100DFF445 /* SceneDelegate.swift */ = {isa = PBXFileReference; lastKnownFileType = sourcecode.swift; path = SceneDelegate.swift; sourceTree = "<group>"; };
		552518E92478397100DFF445 /* Base */ = {isa = PBXFileReference; lastKnownFileType = file.storyboard; name = Base; path = Base.lproj/Main.storyboard; sourceTree = "<group>"; };
		552518EB2478397600DFF445 /* Assets.xcassets */ = {isa = PBXFileReference; lastKnownFileType = folder.assetcatalog; path = Assets.xcassets; sourceTree = "<group>"; };
		552518EE2478397600DFF445 /* Base */ = {isa = PBXFileReference; lastKnownFileType = file.storyboard; name = Base; path = Base.lproj/LaunchScreen.storyboard; sourceTree = "<group>"; };
		552518F02478397600DFF445 /* Info.plist */ = {isa = PBXFileReference; lastKnownFileType = text.plist.xml; path = Info.plist; sourceTree = "<group>"; };
		552519182478A7B800DFF445 /* ViewController.swift */ = {isa = PBXFileReference; lastKnownFileType = sourcecode.swift; path = ViewController.swift; sourceTree = "<group>"; };
		5525191A24797DCB00DFF445 /* ToFindItem.swift */ = {isa = PBXFileReference; lastKnownFileType = sourcecode.swift; path = ToFindItem.swift; sourceTree = "<group>"; };
		5525191E2479F48300DFF445 /* mockdata.json */ = {isa = PBXFileReference; lastKnownFileType = text.json; path = mockdata.json; sourceTree = "<group>"; };
/* End PBXFileReference section */

/* Begin PBXFrameworksBuildPhase section */
		552518DC2478397100DFF445 /* Frameworks */ = {
			isa = PBXFrameworksBuildPhase;
			buildActionMask = 2147483647;
			files = (
			);
			runOnlyForDeploymentPostprocessing = 0;
		};
/* End PBXFrameworksBuildPhase section */

/* Begin PBXGroup section */
		552518D62478397100DFF445 = {
			isa = PBXGroup;
			children = (
				552518E12478397100DFF445 /* wildeye */,
				552518E02478397100DFF445 /* Products */,
			);
			sourceTree = "<group>";
		};
		552518E02478397100DFF445 /* Products */ = {
			isa = PBXGroup;
			children = (
				552518DF2478397100DFF445 /* WildEye.app */,
			);
			name = Products;
			sourceTree = "<group>";
		};
		552518E12478397100DFF445 /* wildeye */ = {
			isa = PBXGroup;
			children = (
				552518E22478397100DFF445 /* AppDelegate.swift */,
				552518E42478397100DFF445 /* SceneDelegate.swift */,
				552518E82478397100DFF445 /* Main.storyboard */,
				552518EB2478397600DFF445 /* Assets.xcassets */,
				552518ED2478397600DFF445 /* LaunchScreen.storyboard */,
				552518F02478397600DFF445 /* Info.plist */,
				552519182478A7B800DFF445 /* ViewController.swift */,
				5525191A24797DCB00DFF445 /* ToFindItem.swift */,
				5525191E2479F48300DFF445 /* mockdata.json */,
			);
			path = wildeye;
			sourceTree = "<group>";
		};
/* End PBXGroup section */

/* Begin PBXNativeTarget section */
		552518DE2478397100DFF445 /* wildeye */ = {
			isa = PBXNativeTarget;
			buildConfigurationList = 552518F32478397600DFF445 /* Build configuration list for PBXNativeTarget "wildeye" */;
			buildPhases = (
				552518DB2478397100DFF445 /* Sources */,
				552518DC2478397100DFF445 /* Frameworks */,
				552518DD2478397100DFF445 /* Resources */,
			);
			buildRules = (
			);
			dependencies = (
			);
			name = wildeye;
			productName = wildeye;
			productReference = 552518DF2478397100DFF445 /* WildEye.app */;
			productType = "com.apple.product-type.application";
		};
/* End PBXNativeTarget section */

/* Begin PBXProject section */
		552518D72478397100DFF445 /* Project object */ = {
			isa = PBXProject;
			attributes = {
				LastSwiftUpdateCheck = 1150;
				LastUpgradeCheck = 1150;
				ORGANIZATIONNAME = "Elizabeth Carney";
				TargetAttributes = {
					552518DE2478397100DFF445 = {
						CreatedOnToolsVersion = 11.5;
					};
				};
			};
			buildConfigurationList = 552518DA2478397100DFF445 /* Build configuration list for PBXProject "wildeye" */;
			compatibilityVersion = "Xcode 9.3";
			developmentRegion = en;
			hasScannedForEncodings = 0;
			knownRegions = (
				en,
				Base,
			);
			mainGroup = 552518D62478397100DFF445;
			productRefGroup = 552518E02478397100DFF445 /* Products */;
			projectDirPath = "";
			projectRoot = "";
			targets = (
				552518DE2478397100DFF445 /* wildeye */,
			);
		};
/* End PBXProject section */

/* Begin PBXResourcesBuildPhase section */
		552518DD2478397100DFF445 /* Resources */ = {
			isa = PBXResourcesBuildPhase;
			buildActionMask = 2147483647;
			files = (
				552518EF2478397600DFF445 /* LaunchScreen.storyboard in Resources */,
				5525191F2479F48300DFF445 /* mockdata.json in Resources */,
				552518EC2478397600DFF445 /* Assets.xcassets in Resources */,
				552518EA2478397100DFF445 /* Main.storyboard in Resources */,
			);
			runOnlyForDeploymentPostprocessing = 0;
		};
/* End PBXResourcesBuildPhase section */

/* Begin PBXSourcesBuildPhase section */
		552518DB2478397100DFF445 /* Sources */ = {
			isa = PBXSourcesBuildPhase;
			buildActionMask = 2147483647;
			files = (
				552518E32478397100DFF445 /* AppDelegate.swift in Sources */,
				5525191B24797DCB00DFF445 /* ToFindItem.swift in Sources */,
				552518E52478397100DFF445 /* SceneDelegate.swift in Sources */,
				552519192478A7B800DFF445 /* ViewController.swift in Sources */,
			);
			runOnlyForDeploymentPostprocessing = 0;
		};
/* End PBXSourcesBuildPhase section */

/* Begin PBXVariantGroup section */
		552518E82478397100DFF445 /* Main.storyboard */ = {
			isa = PBXVariantGroup;
			children = (
				552518E92478397100DFF445 /* Base */,
			);
			name = Main.storyboard;
			sourceTree = "<group>";
		};
		552518ED2478397600DFF445 /* LaunchScreen.storyboard */ = {
			isa = PBXVariantGroup;
			children = (
				552518EE2478397600DFF445 /* Base */,
			);
			name = LaunchScreen.storyboard;
			sourceTree = "<group>";
		};
/* End PBXVariantGroup section */

/* Begin XCBuildConfiguration section */
		552518F12478397600DFF445 /* Debug */ = {
			isa = XCBuildConfiguration;
			buildSettings = {
				ALWAYS_SEARCH_USER_PATHS = NO;
				CLANG_ANALYZER_NONNULL = YES;
				CLANG_ANALYZER_NUMBER_OBJECT_CONVERSION = YES_AGGRESSIVE;
				CLANG_CXX_LANGUAGE_STANDARD = "gnu++14";
				CLANG_CXX_LIBRARY = "libc++";
				CLANG_ENABLE_MODULES = YES;
				CLANG_ENABLE_OBJC_ARC = YES;
				CLANG_ENABLE_OBJC_WEAK = YES;
				CLANG_WARN_BLOCK_CAPTURE_AUTORELEASING = YES;
				CLANG_WARN_BOOL_CONVERSION = YES;
				CLANG_WARN_COMMA = YES;
				CLANG_WARN_CONSTANT_CONVERSION = YES;
				CLANG_WARN_DEPRECATED_OBJC_IMPLEMENTATIONS = YES;
				CLANG_WARN_DIRECT_OBJC_ISA_USAGE = YES_ERROR;
				CLANG_WARN_DOCUMENTATION_COMMENTS = YES;
				CLANG_WARN_EMPTY_BODY = YES;
				CLANG_WARN_ENUM_CONVERSION = YES;
				CLANG_WARN_INFINITE_RECURSION = YES;
				CLANG_WARN_INT_CONVERSION = YES;
				CLANG_WARN_NON_LITERAL_NULL_CONVERSION = YES;
				CLANG_WARN_OBJC_IMPLICIT_RETAIN_SELF = YES;
				CLANG_WARN_OBJC_LITERAL_CONVERSION = YES;
				CLANG_WARN_OBJC_ROOT_CLASS = YES_ERROR;
				CLANG_WARN_RANGE_LOOP_ANALYSIS = YES;
				CLANG_WARN_STRICT_PROTOTYPES = YES;
				CLANG_WARN_SUSPICIOUS_MOVE = YES;
				CLANG_WARN_UNGUARDED_AVAILABILITY = YES_AGGRESSIVE;
				CLANG_WARN_UNREACHABLE_CODE = YES;
				CLANG_WARN__DUPLICATE_METHOD_MATCH = YES;
				COPY_PHASE_STRIP = NO;
				DEBUG_INFORMATION_FORMAT = dwarf;
				ENABLE_STRICT_OBJC_MSGSEND = YES;
				ENABLE_TESTABILITY = YES;
				GCC_C_LANGUAGE_STANDARD = gnu11;
				GCC_DYNAMIC_NO_PIC = NO;
				GCC_NO_COMMON_BLOCKS = YES;
				GCC_OPTIMIZATION_LEVEL = 0;
				GCC_PREPROCESSOR_DEFINITIONS = (
					"DEBUG=1",
					"$(inherited)",
				);
				GCC_WARN_64_TO_32_BIT_CONVERSION = YES;
				GCC_WARN_ABOUT_RETURN_TYPE = YES_ERROR;
				GCC_WARN_UNDECLARED_SELECTOR = YES;
				GCC_WARN_UNINITIALIZED_AUTOS = YES_AGGRESSIVE;
				GCC_WARN_UNUSED_FUNCTION = YES;
				GCC_WARN_UNUSED_VARIABLE = YES;
				IPHONEOS_DEPLOYMENT_TARGET = 13.5;
				MTL_ENABLE_DEBUG_INFO = INCLUDE_SOURCE;
				MTL_FAST_MATH = YES;
				ONLY_ACTIVE_ARCH = YES;
				SDKROOT = iphoneos;
				SWIFT_ACTIVE_COMPILATION_CONDITIONS = DEBUG;
				SWIFT_OPTIMIZATION_LEVEL = "-Onone";
			};
			name = Debug;
		};
		552518F22478397600DFF445 /* Release */ = {
			isa = XCBuildConfiguration;
			buildSettings = {
				ALWAYS_SEARCH_USER_PATHS = NO;
				CLANG_ANALYZER_NONNULL = YES;
				CLANG_ANALYZER_NUMBER_OBJECT_CONVERSION = YES_AGGRESSIVE;
				CLANG_CXX_LANGUAGE_STANDARD = "gnu++14";
				CLANG_CXX_LIBRARY = "libc++";
				CLANG_ENABLE_MODULES = YES;
				CLANG_ENABLE_OBJC_ARC = YES;
				CLANG_ENABLE_OBJC_WEAK = YES;
				CLANG_WARN_BLOCK_CAPTURE_AUTORELEASING = YES;
				CLANG_WARN_BOOL_CONVERSION = YES;
				CLANG_WARN_COMMA = YES;
				CLANG_WARN_CONSTANT_CONVERSION = YES;
				CLANG_WARN_DEPRECATED_OBJC_IMPLEMENTATIONS = YES;
				CLANG_WARN_DIRECT_OBJC_ISA_USAGE = YES_ERROR;
				CLANG_WARN_DOCUMENTATION_COMMENTS = YES;
				CLANG_WARN_EMPTY_BODY = YES;
				CLANG_WARN_ENUM_CONVERSION = YES;
				CLANG_WARN_INFINITE_RECURSION = YES;
				CLANG_WARN_INT_CONVERSION = YES;
				CLANG_WARN_NON_LITERAL_NULL_CONVERSION = YES;
				CLANG_WARN_OBJC_IMPLICIT_RETAIN_SELF = YES;
				CLANG_WARN_OBJC_LITERAL_CONVERSION = YES;
				CLANG_WARN_OBJC_ROOT_CLASS = YES_ERROR;
				CLANG_WARN_RANGE_LOOP_ANALYSIS = YES;
				CLANG_WARN_STRICT_PROTOTYPES = YES;
				CLANG_WARN_SUSPICIOUS_MOVE = YES;
				CLANG_WARN_UNGUARDED_AVAILABILITY = YES_AGGRESSIVE;
				CLANG_WARN_UNREACHABLE_CODE = YES;
				CLANG_WARN__DUPLICATE_METHOD_MATCH = YES;
				COPY_PHASE_STRIP = NO;
				DEBUG_INFORMATION_FORMAT = "dwarf-with-dsym";
				ENABLE_NS_ASSERTIONS = NO;
				ENABLE_STRICT_OBJC_MSGSEND = YES;
				GCC_C_LANGUAGE_STANDARD = gnu11;
				GCC_NO_COMMON_BLOCKS = YES;
				GCC_WARN_64_TO_32_BIT_CONVERSION = YES;
				GCC_WARN_ABOUT_RETURN_TYPE = YES_ERROR;
				GCC_WARN_UNDECLARED_SELECTOR = YES;
				GCC_WARN_UNINITIALIZED_AUTOS = YES_AGGRESSIVE;
				GCC_WARN_UNUSED_FUNCTION = YES;
				GCC_WARN_UNUSED_VARIABLE = YES;
				IPHONEOS_DEPLOYMENT_TARGET = 13.5;
				MTL_ENABLE_DEBUG_INFO = NO;
				MTL_FAST_MATH = YES;
				SDKROOT = iphoneos;
				SWIFT_COMPILATION_MODE = wholemodule;
				SWIFT_OPTIMIZATION_LEVEL = "-O";
				VALIDATE_PRODUCT = YES;
			};
			name = Release;
		};
		552518F42478397600DFF445 /* Debug */ = {
			isa = XCBuildConfiguration;
			buildSettings = {
				ASSETCATALOG_COMPILER_APPICON_NAME = AppIcon;
				CODE_SIGN_STYLE = Automatic;
				DEVELOPMENT_TEAM = R96S43CX3B;
				INFOPLIST_FILE = wildeye/Info.plist;
				IPHONEOS_DEPLOYMENT_TARGET = 13.3;
				LD_RUNPATH_SEARCH_PATHS = (
					"$(inherited)",
					"@executable_path/Frameworks",
				);
				PRODUCT_BUNDLE_IDENTIFIER = com.elizabethcarney.wildeye;
				PRODUCT_NAME = WildEye;
				SWIFT_VERSION = 5.0;
				TARGETED_DEVICE_FAMILY = 1;
			};
			name = Debug;
		};
		552518F52478397600DFF445 /* Release */ = {
			isa = XCBuildConfiguration;
			buildSettings = {
				ASSETCATALOG_COMPILER_APPICON_NAME = AppIcon;
				CODE_SIGN_STYLE = Automatic;
				DEVELOPMENT_TEAM = R96S43CX3B;
				INFOPLIST_FILE = wildeye/Info.plist;
				IPHONEOS_DEPLOYMENT_TARGET = 13.3;
				LD_RUNPATH_SEARCH_PATHS = (
					"$(inherited)",
					"@executable_path/Frameworks",
				);
				PRODUCT_BUNDLE_IDENTIFIER = com.elizabethcarney.wildeye;
				PRODUCT_NAME = WildEye;
				SWIFT_VERSION = 5.0;
				TARGETED_DEVICE_FAMILY = 1;
			};
			name = Release;
		};
/* End XCBuildConfiguration section */

/* Begin XCConfigurationList section */
		552518DA2478397100DFF445 /* Build configuration list for PBXProject "wildeye" */ = {
			isa = XCConfigurationList;
			buildConfigurations = (
				552518F12478397600DFF445 /* Debug */,
				552518F22478397600DFF445 /* Release */,
			);
			defaultConfigurationIsVisible = 0;
			defaultConfigurationName = Release;
		};
		552518F32478397600DFF445 /* Build configuration list for PBXNativeTarget "wildeye" */ = {
			isa = XCConfigurationList;
			buildConfigurations = (
				552518F42478397600DFF445 /* Debug */,
				552518F52478397600DFF445 /* Release */,
			);
			defaultConfigurationIsVisible = 0;
			defaultConfigurationName = Release;
		};
/* End XCConfigurationList section */
	};
	rootObject = 552518D72478397100DFF445 /* Project object */;
}
